# @generated by Move, please check-in and do not edit manually.

[move]
version = 3
manifest_digest = "36A3969260DD79E535B22328BAAEAD0A7973384D0CCCF30CE3A96A64BAC23B52"
deps_digest = "397E6A9F7A624706DBDFEE056CE88391A15876868FD18A88504DA74EB458D697"
dependencies = [
  { id = "Bridge", name = "Bridge" },
  { id = "DeepBook", name = "DeepBook" },
  { id = "MoveStdlib", name = "MoveStdlib" },
  { id = "Sui", name = "Sui" },
  { id = "SuiSystem", name = "SuiSystem" },
]

[[move.package]]
id = "Bridge"
source = { git = "https://github.com/MystenLabs/sui.git", rev = "9c04e1840eb5", subdir = "crates/sui-framework/packages/bridge" }

dependencies = [
  { id = "MoveStdlib", name = "MoveStdlib" },
  { id = "Sui", name = "Sui" },
  { id = "SuiSystem", name = "SuiSystem" },
]

[[move.package]]
id = "DeepBook"
source = { git = "https://github.com/MystenLabs/sui.git", rev = "9c04e1840eb5", subdir = "crates/sui-framework/packages/deepbook" }

dependencies = [
  { id = "MoveStdlib", name = "MoveStdlib" },
  { id = "Sui", name = "Sui" },
]

[[move.package]]
id = "MoveStdlib"
source = { git = "https://github.com/MystenLabs/sui.git", rev = "9c04e1840eb5", subdir = "crates/sui-framework/packages/move-stdlib" }

[[move.package]]
id = "Sui"
source = { git = "https://github.com/MystenLabs/sui.git", rev = "9c04e1840eb5", subdir = "crates/sui-framework/packages/sui-framework" }

dependencies = [
  { id = "MoveStdlib", name = "MoveStdlib" },
]

[[move.package]]
id = "SuiSystem"
source = { git = "https://github.com/MystenLabs/sui.git", rev = "9c04e1840eb5", subdir = "crates/sui-framework/packages/sui-system" }

dependencies = [
  { id = "MoveStdlib", name = "MoveStdlib" },
  { id = "Sui", name = "Sui" },
]

[move.toolchain-version]
compiler-version = "1.45.2"
edition = "2024.beta"
flavor = "sui"

[env]

[env.devnet]
chain-id = "f12dda03"
original-published-id = "0x91f594dd532f5d724afe1299543a44df09dfa373a5cc90be2fe230855cd85b16"
latest-published-id = "0x91f594dd532f5d724afe1299543a44df09dfa373a5cc90be2fe230855cd85b16"
published-version = "1"

[env.testnet]
chain-id = "4c78adac"
original-published-id = "0x08545cd99d0264103c0ff2e2502023cf3582889e4ad6d1c65acf651eb5fce1cd"
latest-published-id = "0x08545cd99d0264103c0ff2e2502023cf3582889e4ad6d1c65acf651eb5fce1cd"
published-version = "1"

[env.mainnet]
chain-id = "35834a8a"
original-published-id = "0xa26a336eedd845dc927a014bb2ab0d5e84b160a606ff876bcb554750e4a7ec81"
latest-published-id = "0xa26a336eedd845dc927a014bb2ab0d5e84b160a606ff876bcb554750e4a7ec81"
published-version = "1"

[env.local]
chain-id = "d99071a7"
original-published-id = "0xa65a31e0e5122f77d2311eaf97524d597442fcf3530569727886f31119ae5be3"
latest-published-id = "0xa65a31e0e5122f77d2311eaf97524d597442fcf3530569727886f31119ae5be3"
published-version = "1"
